{
  "name": "App_Development_Course",
  "lockfileVersion": 3,
  "requires": true,
  "packages": {
    "": {
      "dependencies": {
        "expo-checkbox": "^2.5.0"
      }
    },
    "node_modules/expo-checkbox": {
      "version": "2.5.0",
      "resolved": "https://registry.npmjs.org/expo-checkbox/-/expo-checkbox-2.5.0.tgz",
      "integrity": "sha512-0ilRRQ1c50wY4DEzu5Vg/gyWYOpq2j4Js3m6+zP7Y526G9yL+13fexjPd+7sMSEZhPopGGPp9y82uiIhkfVMKA=="
    }
  }
}
